// !$*UTF8*$!
{
	archiveVersion = 1;
	classes = {
	};
	objectVersion = 46;
	objects = {

/* Begin PBXBuildFile section */
		3F06B8E01E6A7017003EACB3 /* main.m in Sources */ = {isa = PBXBuildFile; fileRef = 3F06B8DF1E6A7017003EACB3 /* main.m */; };
		3F06B8E31E6A7017003EACB3 /* AppDelegate.m in Sources */ = {isa = PBXBuildFile; fileRef = 3F06B8E21E6A7017003EACB3 /* AppDelegate.m */; };
		3F06B8EB1E6A7017003EACB3 /* Assets.xcassets in Resources */ = {isa = PBXBuildFile; fileRef = 3F06B8EA1E6A7017003EACB3 /* Assets.xcassets */; };
		3F06B8EE1E6A7017003EACB3 /* LaunchScreen.storyboard in Resources */ = {isa = PBXBuildFile; fileRef = 3F06B8EC1E6A7017003EACB3 /* LaunchScreen.storyboard */; };
		3F06B8F71E6A7090003EACB3 /* ScreenUIFactory.m in Sources */ = {isa = PBXBuildFile; fileRef = 3F06B8F61E6A7090003EACB3 /* ScreenUIFactory.m */; };
		3F06B8FC1E6A7274003EACB3 /* BaseScreenUI.m in Sources */ = {isa = PBXBuildFile; fileRef = 3F06B8FB1E6A7274003EACB3 /* BaseScreenUI.m */; };
		3F06B8FF1E6A74FC003EACB3 /* FirstScreenUI.m in Sources */ = {isa = PBXBuildFile; fileRef = 3F06B8FE1E6A74FC003EACB3 /* FirstScreenUI.m */; };
		3F06B9021E6A759B003EACB3 /* SecondScreenUI.m in Sources */ = {isa = PBXBuildFile; fileRef = 3F06B9011E6A759B003EACB3 /* SecondScreenUI.m */; };
		3F06B9061E6A78FC003EACB3 /* BaseScreenPresenter.m in Sources */ = {isa = PBXBuildFile; fileRef = 3F06B9051E6A78FC003EACB3 /* BaseScreenPresenter.m */; };
		3F06B90B1E6A7A64003EACB3 /* BaseViewController.m in Sources */ = {isa = PBXBuildFile; fileRef = 3F06B90A1E6A7A64003EACB3 /* BaseViewController.m */; };
		3F06B90E1E6A840F003EACB3 /* AppController.m in Sources */ = {isa = PBXBuildFile; fileRef = 3F06B90D1E6A840F003EACB3 /* AppController.m */; };
		3F06B9111E6A8614003EACB3 /* FirstViewController.m in Sources */ = {isa = PBXBuildFile; fileRef = 3F06B9101E6A8614003EACB3 /* FirstViewController.m */; };
		3F06B9141E6A8802003EACB3 /* SecondViewController.m in Sources */ = {isa = PBXBuildFile; fileRef = 3F06B9131E6A8802003EACB3 /* SecondViewController.m */; };
		3F06B9171E6A8C37003EACB3 /* FirstScreenPresenter.m in Sources */ = {isa = PBXBuildFile; fileRef = 3F06B9161E6A8C37003EACB3 /* FirstScreenPresenter.m */; };
		3F06B91A1E6A8C78003EACB3 /* SecondScreenPresenter.m in Sources */ = {isa = PBXBuildFile; fileRef = 3F06B9191E6A8C78003EACB3 /* SecondScreenPresenter.m */; };
		3F811C8B1E82AD7E00DF60F4 /* TweetEntities.m in Sources */ = {isa = PBXBuildFile; fileRef = 3F811C8A1E82AD7E00DF60F4 /* TweetEntities.m */; };
		3F811C8E1E82ADC500DF60F4 /* TweetMedia.m in Sources */ = {isa = PBXBuildFile; fileRef = 3F811C8D1E82ADC500DF60F4 /* TweetMedia.m */; };
		3F8806971E796ABD0005F4B8 /* TweetsTableViewCell.m in Sources */ = {isa = PBXBuildFile; fileRef = 3F8806951E796ABD0005F4B8 /* TweetsTableViewCell.m */; };
		3F8806981E796ABD0005F4B8 /* TweetsTableViewCell.xib in Resources */ = {isa = PBXBuildFile; fileRef = 3F8806961E796ABD0005F4B8 /* TweetsTableViewCell.xib */; };
		3F88069B1E797B120005F4B8 /* TableViewHolder.m in Sources */ = {isa = PBXBuildFile; fileRef = 3F88069A1E797B120005F4B8 /* TableViewHolder.m */; };
		3FA089A11E72D39500C60DD9 /* Network.m in Sources */ = {isa = PBXBuildFile; fileRef = 3FA089A01E72D39500C60DD9 /* Network.m */; };
		3FA089A41E72D4D700C60DD9 /* RequestContext.m in Sources */ = {isa = PBXBuildFile; fileRef = 3FA089A31E72D4D700C60DD9 /* RequestContext.m */; };
		3FA089AA1E72E50E00C60DD9 /* ResponseParser.m in Sources */ = {isa = PBXBuildFile; fileRef = 3FA089A91E72E50E00C60DD9 /* ResponseParser.m */; };
		3FA0FECC1E76CD5000D7A4AA /* ResponseArrayParser.m in Sources */ = {isa = PBXBuildFile; fileRef = 3FA0FECB1E76CD5000D7A4AA /* ResponseArrayParser.m */; };
		3FA0FECF1E76DBFF00D7A4AA /* Tweet.m in Sources */ = {isa = PBXBuildFile; fileRef = 3FA0FECE1E76DBFF00D7A4AA /* Tweet.m */; };
		3FB8F25E1E6A974F00AA7AB1 /* TransitionDelegate.m in Sources */ = {isa = PBXBuildFile; fileRef = 3FB8F25D1E6A974F00AA7AB1 /* TransitionDelegate.m */; };
		3FB8F2631E6A9B3200AA7AB1 /* AnimationController.m in Sources */ = {isa = PBXBuildFile; fileRef = 3FB8F2621E6A9B3200AA7AB1 /* AnimationController.m */; };
		3FE37F231E864972007D4714 /* TweetUrls.m in Sources */ = {isa = PBXBuildFile; fileRef = 3FE37F221E864972007D4714 /* TweetUrls.m */; };
		3FEE36F71E800A26002C8DFF /* AppContext.m in Sources */ = {isa = PBXBuildFile; fileRef = 3FEE36F61E800A26002C8DFF /* AppContext.m */; };
		3FEE36FA1E801F18002C8DFF /* PropertyInfo.m in Sources */ = {isa = PBXBuildFile; fileRef = 3FEE36F91E801F18002C8DFF /* PropertyInfo.m */; };
		CE2068F41E794F0E008F53E0 /* Downloader.m in Sources */ = {isa = PBXBuildFile; fileRef = CE2068F31E794F0E008F53E0 /* Downloader.m */; };
		CE3ADD6F1E80D2B8006BF841 /* TweetRetweeted.m in Sources */ = {isa = PBXBuildFile; fileRef = CE3ADD6E1E80D2B8006BF841 /* TweetRetweeted.m */; };
		CE4FCD661E74AEC7000E3586 /* TweetsDataProvider.m in Sources */ = {isa = PBXBuildFile; fileRef = CE4FCD651E74AEC7000E3586 /* TweetsDataProvider.m */; };
		CE50303C1E7B8EA20027FF7D /* RestAPI.m in Sources */ = {isa = PBXBuildFile; fileRef = CE50303B1E7B8EA20027FF7D /* RestAPI.m */; };
		CE50303F1E7B9B5B0027FF7D /* Request.m in Sources */ = {isa = PBXBuildFile; fileRef = CE50303E1E7B9B5B0027FF7D /* Request.m */; };
		CED240B01E86F44F002BE423 /* TweetExtendedEntities.m in Sources */ = {isa = PBXBuildFile; fileRef = CED240AF1E86F44F002BE423 /* TweetExtendedEntities.m */; };
		CEF89A881E7EF15300538274 /* TweetUser.m in Sources */ = {isa = PBXBuildFile; fileRef = CEF89A871E7EF15300538274 /* TweetUser.m */; };
		CEFD326E1E85D0D600533B69 /* RequestError.m in Sources */ = {isa = PBXBuildFile; fileRef = CEFD326D1E85D0D600533B69 /* RequestError.m */; };
/* End PBXBuildFile section */

/* Begin PBXFileReference section */
		3F06B8DB1E6A7017003EACB3 /* Tweets.app */ = {isa = PBXFileReference; explicitFileType = wrapper.application; includeInIndex = 0; path = Tweets.app; sourceTree = BUILT_PRODUCTS_DIR; };
		3F06B8DF1E6A7017003EACB3 /* main.m */ = {isa = PBXFileReference; lastKnownFileType = sourcecode.c.objc; path = main.m; sourceTree = "<group>"; };
		3F06B8E11E6A7017003EACB3 /* AppDelegate.h */ = {isa = PBXFileReference; lastKnownFileType = sourcecode.c.h; path = AppDelegate.h; sourceTree = "<group>"; };
		3F06B8E21E6A7017003EACB3 /* AppDelegate.m */ = {isa = PBXFileReference; lastKnownFileType = sourcecode.c.objc; path = AppDelegate.m; sourceTree = "<group>"; };
		3F06B8EA1E6A7017003EACB3 /* Assets.xcassets */ = {isa = PBXFileReference; lastKnownFileType = folder.assetcatalog; path = Assets.xcassets; sourceTree = "<group>"; };
		3F06B8ED1E6A7017003EACB3 /* Base */ = {isa = PBXFileReference; lastKnownFileType = file.storyboard; name = Base; path = Base.lproj/LaunchScreen.storyboard; sourceTree = "<group>"; };
		3F06B8EF1E6A7017003EACB3 /* Info.plist */ = {isa = PBXFileReference; lastKnownFileType = text.plist.xml; path = Info.plist; sourceTree = "<group>"; };
		3F06B8F51E6A7090003EACB3 /* ScreenUIFactory.h */ = {isa = PBXFileReference; fileEncoding = 4; lastKnownFileType = sourcecode.c.h; path = ScreenUIFactory.h; sourceTree = "<group>"; };
		3F06B8F61E6A7090003EACB3 /* ScreenUIFactory.m */ = {isa = PBXFileReference; fileEncoding = 4; lastKnownFileType = sourcecode.c.objc; path = ScreenUIFactory.m; sourceTree = "<group>"; };
		3F06B8F91E6A71EE003EACB3 /* IBaseScreenUI.h */ = {isa = PBXFileReference; lastKnownFileType = sourcecode.c.h; path = IBaseScreenUI.h; sourceTree = "<group>"; };
		3F06B8FA1E6A7274003EACB3 /* BaseScreenUI.h */ = {isa = PBXFileReference; fileEncoding = 4; lastKnownFileType = sourcecode.c.h; path = BaseScreenUI.h; sourceTree = "<group>"; };
		3F06B8FB1E6A7274003EACB3 /* BaseScreenUI.m */ = {isa = PBXFileReference; fileEncoding = 4; lastKnownFileType = sourcecode.c.objc; path = BaseScreenUI.m; sourceTree = "<group>"; };
		3F06B8FD1E6A74FC003EACB3 /* FirstScreenUI.h */ = {isa = PBXFileReference; fileEncoding = 4; lastKnownFileType = sourcecode.c.h; path = FirstScreenUI.h; sourceTree = "<group>"; };
		3F06B8FE1E6A74FC003EACB3 /* FirstScreenUI.m */ = {isa = PBXFileReference; fileEncoding = 4; lastKnownFileType = sourcecode.c.objc; path = FirstScreenUI.m; sourceTree = "<group>"; };
		3F06B9001E6A759B003EACB3 /* SecondScreenUI.h */ = {isa = PBXFileReference; fileEncoding = 4; lastKnownFileType = sourcecode.c.h; path = SecondScreenUI.h; sourceTree = "<group>"; };
		3F06B9011E6A759B003EACB3 /* SecondScreenUI.m */ = {isa = PBXFileReference; fileEncoding = 4; lastKnownFileType = sourcecode.c.objc; path = SecondScreenUI.m; sourceTree = "<group>"; };
		3F06B9041E6A7837003EACB3 /* BaseScreenPresenter.h */ = {isa = PBXFileReference; lastKnownFileType = sourcecode.c.h; path = BaseScreenPresenter.h; sourceTree = "<group>"; };
		3F06B9051E6A78FC003EACB3 /* BaseScreenPresenter.m */ = {isa = PBXFileReference; fileEncoding = 4; lastKnownFileType = sourcecode.c.objc; path = BaseScreenPresenter.m; sourceTree = "<group>"; };
		3F06B9091E6A7A64003EACB3 /* BaseViewController.h */ = {isa = PBXFileReference; fileEncoding = 4; lastKnownFileType = sourcecode.c.h; path = BaseViewController.h; sourceTree = "<group>"; };
		3F06B90A1E6A7A64003EACB3 /* BaseViewController.m */ = {isa = PBXFileReference; fileEncoding = 4; lastKnownFileType = sourcecode.c.objc; path = BaseViewController.m; sourceTree = "<group>"; };
		3F06B90C1E6A840F003EACB3 /* AppController.h */ = {isa = PBXFileReference; fileEncoding = 4; lastKnownFileType = sourcecode.c.h; path = AppController.h; sourceTree = "<group>"; };
		3F06B90D1E6A840F003EACB3 /* AppController.m */ = {isa = PBXFileReference; fileEncoding = 4; lastKnownFileType = sourcecode.c.objc; path = AppController.m; sourceTree = "<group>"; };
		3F06B90F1E6A8614003EACB3 /* FirstViewController.h */ = {isa = PBXFileReference; fileEncoding = 4; lastKnownFileType = sourcecode.c.h; path = FirstViewController.h; sourceTree = "<group>"; };
		3F06B9101E6A8614003EACB3 /* FirstViewController.m */ = {isa = PBXFileReference; fileEncoding = 4; lastKnownFileType = sourcecode.c.objc; path = FirstViewController.m; sourceTree = "<group>"; };
		3F06B9121E6A8802003EACB3 /* SecondViewController.h */ = {isa = PBXFileReference; fileEncoding = 4; lastKnownFileType = sourcecode.c.h; path = SecondViewController.h; sourceTree = "<group>"; };
		3F06B9131E6A8802003EACB3 /* SecondViewController.m */ = {isa = PBXFileReference; fileEncoding = 4; lastKnownFileType = sourcecode.c.objc; path = SecondViewController.m; sourceTree = "<group>"; };
		3F06B9151E6A8C37003EACB3 /* FirstScreenPresenter.h */ = {isa = PBXFileReference; fileEncoding = 4; lastKnownFileType = sourcecode.c.h; path = FirstScreenPresenter.h; sourceTree = "<group>"; };
		3F06B9161E6A8C37003EACB3 /* FirstScreenPresenter.m */ = {isa = PBXFileReference; fileEncoding = 4; lastKnownFileType = sourcecode.c.objc; path = FirstScreenPresenter.m; sourceTree = "<group>"; };
		3F06B9181E6A8C78003EACB3 /* SecondScreenPresenter.h */ = {isa = PBXFileReference; fileEncoding = 4; lastKnownFileType = sourcecode.c.h; path = SecondScreenPresenter.h; sourceTree = "<group>"; };
		3F06B9191E6A8C78003EACB3 /* SecondScreenPresenter.m */ = {isa = PBXFileReference; fileEncoding = 4; lastKnownFileType = sourcecode.c.objc; path = SecondScreenPresenter.m; sourceTree = "<group>"; };
		3F811C891E82AD7E00DF60F4 /* TweetEntities.h */ = {isa = PBXFileReference; fileEncoding = 4; lastKnownFileType = sourcecode.c.h; path = TweetEntities.h; sourceTree = "<group>"; };
		3F811C8A1E82AD7E00DF60F4 /* TweetEntities.m */ = {isa = PBXFileReference; fileEncoding = 4; lastKnownFileType = sourcecode.c.objc; path = TweetEntities.m; sourceTree = "<group>"; };
		3F811C8C1E82ADC500DF60F4 /* TweetMedia.h */ = {isa = PBXFileReference; fileEncoding = 4; lastKnownFileType = sourcecode.c.h; path = TweetMedia.h; sourceTree = "<group>"; };
		3F811C8D1E82ADC500DF60F4 /* TweetMedia.m */ = {isa = PBXFileReference; fileEncoding = 4; lastKnownFileType = sourcecode.c.objc; path = TweetMedia.m; sourceTree = "<group>"; };
		3F8806941E796ABD0005F4B8 /* TweetsTableViewCell.h */ = {isa = PBXFileReference; fileEncoding = 4; lastKnownFileType = sourcecode.c.h; path = TweetsTableViewCell.h; sourceTree = "<group>"; };
		3F8806951E796ABD0005F4B8 /* TweetsTableViewCell.m */ = {isa = PBXFileReference; fileEncoding = 4; lastKnownFileType = sourcecode.c.objc; path = TweetsTableViewCell.m; sourceTree = "<group>"; };
		3F8806961E796ABD0005F4B8 /* TweetsTableViewCell.xib */ = {isa = PBXFileReference; fileEncoding = 4; lastKnownFileType = file.xib; path = TweetsTableViewCell.xib; sourceTree = "<group>"; };
		3F8806991E797B120005F4B8 /* TableViewHolder.h */ = {isa = PBXFileReference; fileEncoding = 4; lastKnownFileType = sourcecode.c.h; path = TableViewHolder.h; sourceTree = "<group>"; };
		3F88069A1E797B120005F4B8 /* TableViewHolder.m */ = {isa = PBXFileReference; fileEncoding = 4; lastKnownFileType = sourcecode.c.objc; path = TableViewHolder.m; sourceTree = "<group>"; };
		3FA0899F1E72D39500C60DD9 /* Network.h */ = {isa = PBXFileReference; fileEncoding = 4; lastKnownFileType = sourcecode.c.h; path = Network.h; sourceTree = "<group>"; };
		3FA089A01E72D39500C60DD9 /* Network.m */ = {isa = PBXFileReference; fileEncoding = 4; lastKnownFileType = sourcecode.c.objc; path = Network.m; sourceTree = "<group>"; };
		3FA089A21E72D4D700C60DD9 /* RequestContext.h */ = {isa = PBXFileReference; fileEncoding = 4; lastKnownFileType = sourcecode.c.h; path = RequestContext.h; sourceTree = "<group>"; };
		3FA089A31E72D4D700C60DD9 /* RequestContext.m */ = {isa = PBXFileReference; fileEncoding = 4; lastKnownFileType = sourcecode.c.objc; path = RequestContext.m; sourceTree = "<group>"; };
		3FA089A51E72D7ED00C60DD9 /* Parser.h */ = {isa = PBXFileReference; fileEncoding = 4; lastKnownFileType = sourcecode.c.h; path = Parser.h; sourceTree = "<group>"; };
		3FA089A71E72D85E00C60DD9 /* Deserializable.h */ = {isa = PBXFileReference; fileEncoding = 4; lastKnownFileType = sourcecode.c.h; path = Deserializable.h; sourceTree = "<group>"; };
		3FA089A81E72E50E00C60DD9 /* ResponseParser.h */ = {isa = PBXFileReference; fileEncoding = 4; lastKnownFileType = sourcecode.c.h; path = ResponseParser.h; sourceTree = "<group>"; };
		3FA089A91E72E50E00C60DD9 /* ResponseParser.m */ = {isa = PBXFileReference; fileEncoding = 4; lastKnownFileType = sourcecode.c.objc; path = ResponseParser.m; sourceTree = "<group>"; };
		3FA0FECA1E76CD5000D7A4AA /* ResponseArrayParser.h */ = {isa = PBXFileReference; fileEncoding = 4; lastKnownFileType = sourcecode.c.h; path = ResponseArrayParser.h; sourceTree = "<group>"; };
		3FA0FECB1E76CD5000D7A4AA /* ResponseArrayParser.m */ = {isa = PBXFileReference; fileEncoding = 4; lastKnownFileType = sourcecode.c.objc; path = ResponseArrayParser.m; sourceTree = "<group>"; };
		3FA0FECD1E76DBFF00D7A4AA /* Tweet.h */ = {isa = PBXFileReference; fileEncoding = 4; lastKnownFileType = sourcecode.c.h; path = Tweet.h; sourceTree = "<group>"; };
		3FA0FECE1E76DBFF00D7A4AA /* Tweet.m */ = {isa = PBXFileReference; fileEncoding = 4; lastKnownFileType = sourcecode.c.objc; path = Tweet.m; sourceTree = "<group>"; };
		3FB8F25C1E6A974F00AA7AB1 /* TransitionDelegate.h */ = {isa = PBXFileReference; fileEncoding = 4; lastKnownFileType = sourcecode.c.h; path = TransitionDelegate.h; sourceTree = "<group>"; };
		3FB8F25D1E6A974F00AA7AB1 /* TransitionDelegate.m */ = {isa = PBXFileReference; fileEncoding = 4; lastKnownFileType = sourcecode.c.objc; path = TransitionDelegate.m; sourceTree = "<group>"; };
		3FB8F2611E6A9B3200AA7AB1 /* AnimationController.h */ = {isa = PBXFileReference; fileEncoding = 4; lastKnownFileType = sourcecode.c.h; path = AnimationController.h; sourceTree = "<group>"; };
		3FB8F2621E6A9B3200AA7AB1 /* AnimationController.m */ = {isa = PBXFileReference; fileEncoding = 4; lastKnownFileType = sourcecode.c.objc; path = AnimationController.m; sourceTree = "<group>"; };
		3FE37F211E864972007D4714 /* TweetUrls.h */ = {isa = PBXFileReference; fileEncoding = 4; lastKnownFileType = sourcecode.c.h; path = TweetUrls.h; sourceTree = "<group>"; };
		3FE37F221E864972007D4714 /* TweetUrls.m */ = {isa = PBXFileReference; fileEncoding = 4; lastKnownFileType = sourcecode.c.objc; path = TweetUrls.m; sourceTree = "<group>"; };
		3FEE36F51E800A26002C8DFF /* AppContext.h */ = {isa = PBXFileReference; fileEncoding = 4; lastKnownFileType = sourcecode.c.h; path = AppContext.h; sourceTree = "<group>"; };
		3FEE36F61E800A26002C8DFF /* AppContext.m */ = {isa = PBXFileReference; fileEncoding = 4; lastKnownFileType = sourcecode.c.objc; path = AppContext.m; sourceTree = "<group>"; };
		3FEE36F81E801F18002C8DFF /* PropertyInfo.h */ = {isa = PBXFileReference; fileEncoding = 4; lastKnownFileType = sourcecode.c.h; path = PropertyInfo.h; sourceTree = "<group>"; };
		3FEE36F91E801F18002C8DFF /* PropertyInfo.m */ = {isa = PBXFileReference; fileEncoding = 4; lastKnownFileType = sourcecode.c.objc; path = PropertyInfo.m; sourceTree = "<group>"; };
		CE2068F21E794F0E008F53E0 /* Downloader.h */ = {isa = PBXFileReference; fileEncoding = 4; lastKnownFileType = sourcecode.c.h; path = Downloader.h; sourceTree = "<group>"; };
		CE2068F31E794F0E008F53E0 /* Downloader.m */ = {isa = PBXFileReference; fileEncoding = 4; lastKnownFileType = sourcecode.c.objc; path = Downloader.m; sourceTree = "<group>"; };
		CE3ADD6D1E80D2B8006BF841 /* TweetRetweeted.h */ = {isa = PBXFileReference; fileEncoding = 4; lastKnownFileType = sourcecode.c.h; path = TweetRetweeted.h; sourceTree = "<group>"; };
		CE3ADD6E1E80D2B8006BF841 /* TweetRetweeted.m */ = {isa = PBXFileReference; fileEncoding = 4; lastKnownFileType = sourcecode.c.objc; path = TweetRetweeted.m; sourceTree = "<group>"; };
		CE4FCD641E74AEC7000E3586 /* TweetsDataProvider.h */ = {isa = PBXFileReference; fileEncoding = 4; lastKnownFileType = sourcecode.c.h; path = TweetsDataProvider.h; sourceTree = "<group>"; };
		CE4FCD651E74AEC7000E3586 /* TweetsDataProvider.m */ = {isa = PBXFileReference; fileEncoding = 4; lastKnownFileType = sourcecode.c.objc; path = TweetsDataProvider.m; sourceTree = "<group>"; };
		CE50303A1E7B8EA20027FF7D /* RestAPI.h */ = {isa = PBXFileReference; fileEncoding = 4; lastKnownFileType = sourcecode.c.h; path = RestAPI.h; sourceTree = "<group>"; };
		CE50303B1E7B8EA20027FF7D /* RestAPI.m */ = {isa = PBXFileReference; fileEncoding = 4; lastKnownFileType = sourcecode.c.objc; path = RestAPI.m; sourceTree = "<group>"; };
		CE50303D1E7B9B5B0027FF7D /* Request.h */ = {isa = PBXFileReference; fileEncoding = 4; lastKnownFileType = sourcecode.c.h; path = Request.h; sourceTree = "<group>"; };
		CE50303E1E7B9B5B0027FF7D /* Request.m */ = {isa = PBXFileReference; fileEncoding = 4; lastKnownFileType = sourcecode.c.objc; path = Request.m; sourceTree = "<group>"; };
		CED240AE1E86F44F002BE423 /* TweetExtendedEntities.h */ = {isa = PBXFileReference; fileEncoding = 4; lastKnownFileType = sourcecode.c.h; path = TweetExtendedEntities.h; sourceTree = "<group>"; };
		CED240AF1E86F44F002BE423 /* TweetExtendedEntities.m */ = {isa = PBXFileReference; fileEncoding = 4; lastKnownFileType = sourcecode.c.objc; path = TweetExtendedEntities.m; sourceTree = "<group>"; };
		CEF89A861E7EF15300538274 /* TweetUser.h */ = {isa = PBXFileReference; fileEncoding = 4; lastKnownFileType = sourcecode.c.h; path = TweetUser.h; sourceTree = "<group>"; };
		CEF89A871E7EF15300538274 /* TweetUser.m */ = {isa = PBXFileReference; fileEncoding = 4; lastKnownFileType = sourcecode.c.objc; path = TweetUser.m; sourceTree = "<group>"; };
		CEFD326C1E85D0D600533B69 /* RequestError.h */ = {isa = PBXFileReference; fileEncoding = 4; lastKnownFileType = sourcecode.c.h; path = RequestError.h; sourceTree = "<group>"; };
		CEFD326D1E85D0D600533B69 /* RequestError.m */ = {isa = PBXFileReference; fileEncoding = 4; lastKnownFileType = sourcecode.c.objc; path = RequestError.m; sourceTree = "<group>"; };
/* End PBXFileReference section */

/* Begin PBXFrameworksBuildPhase section */
		3F06B8D81E6A7017003EACB3 /* Frameworks */ = {
			isa = PBXFrameworksBuildPhase;
			buildActionMask = 2147483647;
			files = (
			);
			runOnlyForDeploymentPostprocessing = 0;
		};
/* End PBXFrameworksBuildPhase section */

/* Begin PBXGroup section */
		3F06B8D21E6A7017003EACB3 = {
			isa = PBXGroup;
			children = (
				3F06B8DD1E6A7017003EACB3 /* Tweets */,
				3F06B8DC1E6A7017003EACB3 /* Products */,
			);
			sourceTree = "<group>";
		};
		3F06B8DC1E6A7017003EACB3 /* Products */ = {
			isa = PBXGroup;
			children = (
				3F06B8DB1E6A7017003EACB3 /* Tweets.app */,
			);
			name = Products;
			sourceTree = "<group>";
		};
		3F06B8DD1E6A7017003EACB3 /* Tweets */ = {
			isa = PBXGroup;
			children = (
				3FA0899E1E72D37E00C60DD9 /* Network */,
				CE5030401E7BB2890027FF7D /* DataProvider */,
				3FA0899A1E72D1DF00C60DD9 /* Model */,
				3F06B9081E6A7A3E003EACB3 /* ViewController */,
				3F06B9031E6A77FF003EACB3 /* Presenter */,
				3F06B8F81E6A717E003EACB3 /* UI */,
				3FB8F25B1E6A955700AA7AB1 /* AppController */,
				3F06B8E11E6A7017003EACB3 /* AppDelegate.h */,
				3F06B8E21E6A7017003EACB3 /* AppDelegate.m */,
				3F06B8EA1E6A7017003EACB3 /* Assets.xcassets */,
				3F06B8EC1E6A7017003EACB3 /* LaunchScreen.storyboard */,
				3F06B8EF1E6A7017003EACB3 /* Info.plist */,
				3F06B8DE1E6A7017003EACB3 /* Supporting Files */,
			);
			path = Tweets;
			sourceTree = "<group>";
		};
		3F06B8DE1E6A7017003EACB3 /* Supporting Files */ = {
			isa = PBXGroup;
			children = (
				3F06B8DF1E6A7017003EACB3 /* main.m */,
			);
			name = "Supporting Files";
			sourceTree = "<group>";
		};
		3F06B8F81E6A717E003EACB3 /* UI */ = {
			isa = PBXGroup;
			children = (
				3FB8F2641E6AA10900AA7AB1 /* AnimationController */,
				3FB8F2601E6A9A6B00AA7AB1 /* Transition */,
				3FB8F25F1E6A97A900AA7AB1 /* Screen */,
				3F8806901E79693F0005F4B8 /* TableView */,
			);
			name = UI;
			sourceTree = "<group>";
		};
		3F06B9031E6A77FF003EACB3 /* Presenter */ = {
			isa = PBXGroup;
			children = (
				3F06B9041E6A7837003EACB3 /* BaseScreenPresenter.h */,
				3F06B9051E6A78FC003EACB3 /* BaseScreenPresenter.m */,
				3F06B9151E6A8C37003EACB3 /* FirstScreenPresenter.h */,
				3F06B9161E6A8C37003EACB3 /* FirstScreenPresenter.m */,
				3F06B9181E6A8C78003EACB3 /* SecondScreenPresenter.h */,
				3F06B9191E6A8C78003EACB3 /* SecondScreenPresenter.m */,
			);
			name = Presenter;
			sourceTree = "<group>";
		};
		3F06B9081E6A7A3E003EACB3 /* ViewController */ = {
			isa = PBXGroup;
			children = (
				3F06B9091E6A7A64003EACB3 /* BaseViewController.h */,
				3F06B90A1E6A7A64003EACB3 /* BaseViewController.m */,
				3F06B90F1E6A8614003EACB3 /* FirstViewController.h */,
				3F06B9101E6A8614003EACB3 /* FirstViewController.m */,
				3F06B9121E6A8802003EACB3 /* SecondViewController.h */,
				3F06B9131E6A8802003EACB3 /* SecondViewController.m */,
			);
			name = ViewController;
			sourceTree = "<group>";
		};
		3F8806901E79693F0005F4B8 /* TableView */ = {
			isa = PBXGroup;
			children = (
				3F8806941E796ABD0005F4B8 /* TweetsTableViewCell.h */,
				3F8806951E796ABD0005F4B8 /* TweetsTableViewCell.m */,
				3F8806961E796ABD0005F4B8 /* TweetsTableViewCell.xib */,
				3F8806991E797B120005F4B8 /* TableViewHolder.h */,
				3F88069A1E797B120005F4B8 /* TableViewHolder.m */,
			);
			name = TableView;
			sourceTree = "<group>";
		};
		3FA0899A1E72D1DF00C60DD9 /* Model */ = {
			isa = PBXGroup;
			children = (
				CEFD326F1E85D64100533B69 /* Request */,
				CEFD32701E85D65600533B69 /* Tweet */,
			);
			name = Model;
			sourceTree = "<group>";
		};
		3FA0899E1E72D37E00C60DD9 /* Network */ = {
			isa = PBXGroup;
			children = (
				CE5030421E7BBFC70027FF7D /* Downloader */,
				CE5030411E7BB2B90027FF7D /* Parser */,
				3FA0899F1E72D39500C60DD9 /* Network.h */,
				3FA089A01E72D39500C60DD9 /* Network.m */,
				3FA089A21E72D4D700C60DD9 /* RequestContext.h */,
				3FA089A31E72D4D700C60DD9 /* RequestContext.m */,
				CE50303A1E7B8EA20027FF7D /* RestAPI.h */,
				CE50303B1E7B8EA20027FF7D /* RestAPI.m */,
			);
			name = Network;
			sourceTree = "<group>";
		};
		3FB8F25B1E6A955700AA7AB1 /* AppController */ = {
			isa = PBXGroup;
			children = (
				3F06B90C1E6A840F003EACB3 /* AppController.h */,
				3F06B90D1E6A840F003EACB3 /* AppController.m */,
				3FEE36F51E800A26002C8DFF /* AppContext.h */,
				3FEE36F61E800A26002C8DFF /* AppContext.m */,
			);
			name = AppController;
			sourceTree = "<group>";
		};
		3FB8F25F1E6A97A900AA7AB1 /* Screen */ = {
			isa = PBXGroup;
			children = (
				3F06B8F51E6A7090003EACB3 /* ScreenUIFactory.h */,
				3F06B8F61E6A7090003EACB3 /* ScreenUIFactory.m */,
				3F06B8F91E6A71EE003EACB3 /* IBaseScreenUI.h */,
				3F06B8FA1E6A7274003EACB3 /* BaseScreenUI.h */,
				3F06B8FB1E6A7274003EACB3 /* BaseScreenUI.m */,
				3F06B8FD1E6A74FC003EACB3 /* FirstScreenUI.h */,
				3F06B8FE1E6A74FC003EACB3 /* FirstScreenUI.m */,
				3F06B9001E6A759B003EACB3 /* SecondScreenUI.h */,
				3F06B9011E6A759B003EACB3 /* SecondScreenUI.m */,
			);
			name = Screen;
			sourceTree = "<group>";
		};
		3FB8F2601E6A9A6B00AA7AB1 /* Transition */ = {
			isa = PBXGroup;
			children = (
				3FB8F25C1E6A974F00AA7AB1 /* TransitionDelegate.h */,
				3FB8F25D1E6A974F00AA7AB1 /* TransitionDelegate.m */,
			);
			name = Transition;
			sourceTree = "<group>";
		};
		3FB8F2641E6AA10900AA7AB1 /* AnimationController */ = {
			isa = PBXGroup;
			children = (
				3FB8F2611E6A9B3200AA7AB1 /* AnimationController.h */,
				3FB8F2621E6A9B3200AA7AB1 /* AnimationController.m */,
			);
			name = AnimationController;
			sourceTree = "<group>";
		};
		CE5030401E7BB2890027FF7D /* DataProvider */ = {
			isa = PBXGroup;
			children = (
				CE4FCD641E74AEC7000E3586 /* TweetsDataProvider.h */,
				CE4FCD651E74AEC7000E3586 /* TweetsDataProvider.m */,
			);
			name = DataProvider;
			sourceTree = "<group>";
		};
		CE5030411E7BB2B90027FF7D /* Parser */ = {
			isa = PBXGroup;
			children = (
				3FA089A71E72D85E00C60DD9 /* Deserializable.h */,
				3FA089A51E72D7ED00C60DD9 /* Parser.h */,
				3FA089A81E72E50E00C60DD9 /* ResponseParser.h */,
				3FA089A91E72E50E00C60DD9 /* ResponseParser.m */,
				3FA0FECA1E76CD5000D7A4AA /* ResponseArrayParser.h */,
				3FA0FECB1E76CD5000D7A4AA /* ResponseArrayParser.m */,
				3FEE36F81E801F18002C8DFF /* PropertyInfo.h */,
				3FEE36F91E801F18002C8DFF /* PropertyInfo.m */,
			);
			name = Parser;
			sourceTree = "<group>";
		};
		CE5030421E7BBFC70027FF7D /* Downloader */ = {
			isa = PBXGroup;
			children = (
				CE2068F21E794F0E008F53E0 /* Downloader.h */,
				CE2068F31E794F0E008F53E0 /* Downloader.m */,
			);
			name = Downloader;
			sourceTree = "<group>";
		};
		CEFD326F1E85D64100533B69 /* Request */ = {
			isa = PBXGroup;
			children = (
				CE50303D1E7B9B5B0027FF7D /* Request.h */,
				CE50303E1E7B9B5B0027FF7D /* Request.m */,
				CEFD326C1E85D0D600533B69 /* RequestError.h */,
				CEFD326D1E85D0D600533B69 /* RequestError.m */,
			);
			name = Request;
			sourceTree = "<group>";
		};
		CEFD32701E85D65600533B69 /* Tweet */ = {
			isa = PBXGroup;
			children = (
				3FA0FECD1E76DBFF00D7A4AA /* Tweet.h */,
				3FA0FECE1E76DBFF00D7A4AA /* Tweet.m */,
				CEF89A861E7EF15300538274 /* TweetUser.h */,
				CEF89A871E7EF15300538274 /* TweetUser.m */,
				CE3ADD6D1E80D2B8006BF841 /* TweetRetweeted.h */,
				CE3ADD6E1E80D2B8006BF841 /* TweetRetweeted.m */,
				3F811C891E82AD7E00DF60F4 /* TweetEntities.h */,
				3F811C8A1E82AD7E00DF60F4 /* TweetEntities.m */,
				CED240AE1E86F44F002BE423 /* TweetExtendedEntities.h */,
				CED240AF1E86F44F002BE423 /* TweetExtendedEntities.m */,
				3F811C8C1E82ADC500DF60F4 /* TweetMedia.h */,
				3F811C8D1E82ADC500DF60F4 /* TweetMedia.m */,
				3FE37F211E864972007D4714 /* TweetUrls.h */,
				3FE37F221E864972007D4714 /* TweetUrls.m */,
			);
			name = Tweet;
			sourceTree = "<group>";
		};
/* End PBXGroup section */

/* Begin PBXNativeTarget section */
		3F06B8DA1E6A7017003EACB3 /* Tweets */ = {
			isa = PBXNativeTarget;
			buildConfigurationList = 3F06B8F21E6A7017003EACB3 /* Build configuration list for PBXNativeTarget "Tweets" */;
			buildPhases = (
				3F06B8D71E6A7017003EACB3 /* Sources */,
				3F06B8D81E6A7017003EACB3 /* Frameworks */,
				3F06B8D91E6A7017003EACB3 /* Resources */,
			);
			buildRules = (
			);
			dependencies = (
			);
			name = Tweets;
			productName = AnimationTranitionMVP;
			productReference = 3F06B8DB1E6A7017003EACB3 /* Tweets.app */;
			productType = "com.apple.product-type.application";
		};
/* End PBXNativeTarget section */

/* Begin PBXProject section */
		3F06B8D31E6A7017003EACB3 /* Project object */ = {
			isa = PBXProject;
			attributes = {
				LastUpgradeCheck = 0820;
				ORGANIZATIONNAME = Student;
				TargetAttributes = {
					3F06B8DA1E6A7017003EACB3 = {
						CreatedOnToolsVersion = 8.0;
						ProvisioningStyle = Automatic;
					};
				};
			};
			buildConfigurationList = 3F06B8D61E6A7017003EACB3 /* Build configuration list for PBXProject "Tweets" */;
			compatibilityVersion = "Xcode 3.2";
			developmentRegion = English;
			hasScannedForEncodings = 0;
			knownRegions = (
				en,
				Base,
			);
			mainGroup = 3F06B8D21E6A7017003EACB3;
			productRefGroup = 3F06B8DC1E6A7017003EACB3 /* Products */;
			projectDirPath = "";
			projectRoot = "";
			targets = (
				3F06B8DA1E6A7017003EACB3 /* Tweets */,
			);
		};
/* End PBXProject section */

/* Begin PBXResourcesBuildPhase section */
		3F06B8D91E6A7017003EACB3 /* Resources */ = {
			isa = PBXResourcesBuildPhase;
			buildActionMask = 2147483647;
			files = (
				3F06B8EE1E6A7017003EACB3 /* LaunchScreen.storyboard in Resources */,
				3F8806981E796ABD0005F4B8 /* TweetsTableViewCell.xib in Resources */,
				3F06B8EB1E6A7017003EACB3 /* Assets.xcassets in Resources */,
			);
			runOnlyForDeploymentPostprocessing = 0;
		};
/* End PBXResourcesBuildPhase section */

/* Begin PBXSourcesBuildPhase section */
		3F06B8D71E6A7017003EACB3 /* Sources */ = {
			isa = PBXSourcesBuildPhase;
			buildActionMask = 2147483647;
			files = (
				3F06B9141E6A8802003EACB3 /* SecondViewController.m in Sources */,
				3F8806971E796ABD0005F4B8 /* TweetsTableViewCell.m in Sources */,
				CE50303C1E7B8EA20027FF7D /* RestAPI.m in Sources */,
				3FEE36F71E800A26002C8DFF /* AppContext.m in Sources */,
				3F88069B1E797B120005F4B8 /* TableViewHolder.m in Sources */,
				3F06B9111E6A8614003EACB3 /* FirstViewController.m in Sources */,
				3FB8F25E1E6A974F00AA7AB1 /* TransitionDelegate.m in Sources */,
				3F06B9021E6A759B003EACB3 /* SecondScreenUI.m in Sources */,
				3FB8F2631E6A9B3200AA7AB1 /* AnimationController.m in Sources */,
				3FA0FECF1E76DBFF00D7A4AA /* Tweet.m in Sources */,
				3FA089A41E72D4D700C60DD9 /* RequestContext.m in Sources */,
				3F06B90B1E6A7A64003EACB3 /* BaseViewController.m in Sources */,
				CE4FCD661E74AEC7000E3586 /* TweetsDataProvider.m in Sources */,
				3FA0FECC1E76CD5000D7A4AA /* ResponseArrayParser.m in Sources */,
				CEFD326E1E85D0D600533B69 /* RequestError.m in Sources */,
				3F06B91A1E6A8C78003EACB3 /* SecondScreenPresenter.m in Sources */,
				3F06B8FF1E6A74FC003EACB3 /* FirstScreenUI.m in Sources */,
				3F06B90E1E6A840F003EACB3 /* AppController.m in Sources */,
				CE2068F41E794F0E008F53E0 /* Downloader.m in Sources */,
				3FE37F231E864972007D4714 /* TweetUrls.m in Sources */,
				CED240B01E86F44F002BE423 /* TweetExtendedEntities.m in Sources */,
				CE50303F1E7B9B5B0027FF7D /* Request.m in Sources */,
				CEF89A881E7EF15300538274 /* TweetUser.m in Sources */,
				3FEE36FA1E801F18002C8DFF /* PropertyInfo.m in Sources */,
				CE3ADD6F1E80D2B8006BF841 /* TweetRetweeted.m in Sources */,
				3F06B9061E6A78FC003EACB3 /* BaseScreenPresenter.m in Sources */,
				3F811C8B1E82AD7E00DF60F4 /* TweetEntities.m in Sources */,
				3F811C8E1E82ADC500DF60F4 /* TweetMedia.m in Sources */,
				3FA089A11E72D39500C60DD9 /* Network.m in Sources */,
				3F06B8FC1E6A7274003EACB3 /* BaseScreenUI.m in Sources */,
				3F06B8E31E6A7017003EACB3 /* AppDelegate.m in Sources */,
				3F06B8F71E6A7090003EACB3 /* ScreenUIFactory.m in Sources */,
				3F06B9171E6A8C37003EACB3 /* FirstScreenPresenter.m in Sources */,
				3F06B8E01E6A7017003EACB3 /* main.m in Sources */,
				3FA089AA1E72E50E00C60DD9 /* ResponseParser.m in Sources */,
			);
			runOnlyForDeploymentPostprocessing = 0;
		};
/* End PBXSourcesBuildPhase section */

/* Begin PBXVariantGroup section */
		3F06B8EC1E6A7017003EACB3 /* LaunchScreen.storyboard */ = {
			isa = PBXVariantGroup;
			children = (
				3F06B8ED1E6A7017003EACB3 /* Base */,
			);
			name = LaunchScreen.storyboard;
			sourceTree = "<group>";
		};
/* End PBXVariantGroup section */

/* Begin XCBuildConfiguration section */
		3F06B8F01E6A7017003EACB3 /* Debug */ = {
			isa = XCBuildConfiguration;
			buildSettings = {
				ALWAYS_SEARCH_USER_PATHS = NO;
				CLANG_ANALYZER_NONNULL = YES;
				CLANG_CXX_LANGUAGE_STANDARD = "gnu++0x";
				CLANG_CXX_LIBRARY = "libc++";
				CLANG_ENABLE_MODULES = YES;
				CLANG_ENABLE_OBJC_ARC = YES;
				CLANG_WARN_BOOL_CONVERSION = YES;
				CLANG_WARN_CONSTANT_CONVERSION = YES;
				CLANG_WARN_DIRECT_OBJC_ISA_USAGE = YES_ERROR;
				CLANG_WARN_DOCUMENTATION_COMMENTS = YES;
				CLANG_WARN_EMPTY_BODY = YES;
				CLANG_WARN_ENUM_CONVERSION = YES;
				CLANG_WARN_INFINITE_RECURSION = YES;
				CLANG_WARN_INT_CONVERSION = YES;
				CLANG_WARN_OBJC_ROOT_CLASS = YES_ERROR;
				CLANG_WARN_SUSPICIOUS_MOVE = YES;
				CLANG_WARN_SUSPICIOUS_MOVES = YES;
				CLANG_WARN_UNREACHABLE_CODE = YES;
				CLANG_WARN__DUPLICATE_METHOD_MATCH = YES;
				"CODE_SIGN_IDENTITY[sdk=iphoneos*]" = "iPhone Developer";
				COPY_PHASE_STRIP = NO;
				DEBUG_INFORMATION_FORMAT = dwarf;
				ENABLE_STRICT_OBJC_MSGSEND = YES;
				ENABLE_TESTABILITY = YES;
				GCC_C_LANGUAGE_STANDARD = gnu99;
				GCC_DYNAMIC_NO_PIC = NO;
				GCC_NO_COMMON_BLOCKS = YES;
				GCC_OPTIMIZATION_LEVEL = 0;
				GCC_PREPROCESSOR_DEFINITIONS = (
					"DEBUG=1",
					"$(inherited)",
				);
				GCC_WARN_64_TO_32_BIT_CONVERSION = YES;
				GCC_WARN_ABOUT_RETURN_TYPE = YES_ERROR;
				GCC_WARN_UNDECLARED_SELECTOR = YES;
				GCC_WARN_UNINITIALIZED_AUTOS = YES_AGGRESSIVE;
				GCC_WARN_UNUSED_FUNCTION = YES;
				GCC_WARN_UNUSED_VARIABLE = YES;
				IPHONEOS_DEPLOYMENT_TARGET = 10.0;
				MTL_ENABLE_DEBUG_INFO = YES;
				ONLY_ACTIVE_ARCH = YES;
				SDKROOT = iphoneos;
				TARGETED_DEVICE_FAMILY = "1,2";
			};
			name = Debug;
		};
		3F06B8F11E6A7017003EACB3 /* Release */ = {
			isa = XCBuildConfiguration;
			buildSettings = {
				ALWAYS_SEARCH_USER_PATHS = NO;
				CLANG_ANALYZER_NONNULL = YES;
				CLANG_CXX_LANGUAGE_STANDARD = "gnu++0x";
				CLANG_CXX_LIBRARY = "libc++";
				CLANG_ENABLE_MODULES = YES;
				CLANG_ENABLE_OBJC_ARC = YES;
				CLANG_WARN_BOOL_CONVERSION = YES;
				CLANG_WARN_CONSTANT_CONVERSION = YES;
				CLANG_WARN_DIRECT_OBJC_ISA_USAGE = YES_ERROR;
				CLANG_WARN_DOCUMENTATION_COMMENTS = YES;
				CLANG_WARN_EMPTY_BODY = YES;
				CLANG_WARN_ENUM_CONVERSION = YES;
				CLANG_WARN_INFINITE_RECURSION = YES;
				CLANG_WARN_INT_CONVERSION = YES;
				CLANG_WARN_OBJC_ROOT_CLASS = YES_ERROR;
				CLANG_WARN_SUSPICIOUS_MOVE = YES;
				CLANG_WARN_SUSPICIOUS_MOVES = YES;
				CLANG_WARN_UNREACHABLE_CODE = YES;
				CLANG_WARN__DUPLICATE_METHOD_MATCH = YES;
				"CODE_SIGN_IDENTITY[sdk=iphoneos*]" = "iPhone Developer";
				COPY_PHASE_STRIP = NO;
				DEBUG_INFORMATION_FORMAT = "dwarf-with-dsym";
				ENABLE_NS_ASSERTIONS = NO;
				ENABLE_STRICT_OBJC_MSGSEND = YES;
				GCC_C_LANGUAGE_STANDARD = gnu99;
				GCC_NO_COMMON_BLOCKS = YES;
				GCC_WARN_64_TO_32_BIT_CONVERSION = YES;
				GCC_WARN_ABOUT_RETURN_TYPE = YES_ERROR;
				GCC_WARN_UNDECLARED_SELECTOR = YES;
				GCC_WARN_UNINITIALIZED_AUTOS = YES_AGGRESSIVE;
				GCC_WARN_UNUSED_FUNCTION = YES;
				GCC_WARN_UNUSED_VARIABLE = YES;
				IPHONEOS_DEPLOYMENT_TARGET = 10.0;
				MTL_ENABLE_DEBUG_INFO = NO;
				SDKROOT = iphoneos;
				TARGETED_DEVICE_FAMILY = "1,2";
				VALIDATE_PRODUCT = YES;
			};
			name = Release;
		};
		3F06B8F31E6A7017003EACB3 /* Debug */ = {
			isa = XCBuildConfiguration;
			buildSettings = {
				ASSETCATALOG_COMPILER_APPICON_NAME = AppIcon;
				INFOPLIST_FILE = "$(SRCROOT)/Tweets/Info.plist";
				LD_RUNPATH_SEARCH_PATHS = "$(inherited) @executable_path/Frameworks";
				PRODUCT_BUNDLE_IDENTIFIER = "Focus-Start-CFT-Berezovskiy-Artem.Tweets";
				PRODUCT_NAME = "$(TARGET_NAME)";
			};
			name = Debug;
		};
		3F06B8F41E6A7017003EACB3 /* Release */ = {
			isa = XCBuildConfiguration;
			buildSettings = {
				ASSETCATALOG_COMPILER_APPICON_NAME = AppIcon;
				INFOPLIST_FILE = "$(SRCROOT)/Tweets/Info.plist";
				LD_RUNPATH_SEARCH_PATHS = "$(inherited) @executable_path/Frameworks";
				PRODUCT_BUNDLE_IDENTIFIER = "Focus-Start-CFT-Berezovskiy-Artem.Tweets";
				PRODUCT_NAME = "$(TARGET_NAME)";
			};
			name = Release;
		};
/* End XCBuildConfiguration section */

/* Begin XCConfigurationList section */
		3F06B8D61E6A7017003EACB3 /* Build configuration list for PBXProject "Tweets" */ = {
			isa = XCConfigurationList;
			buildConfigurations = (
				3F06B8F01E6A7017003EACB3 /* Debug */,
				3F06B8F11E6A7017003EACB3 /* Release */,
			);
			defaultConfigurationIsVisible = 0;
			defaultConfigurationName = Release;
		};
		3F06B8F21E6A7017003EACB3 /* Build configuration list for PBXNativeTarget "Tweets" */ = {
			isa = XCConfigurationList;
			buildConfigurations = (
				3F06B8F31E6A7017003EACB3 /* Debug */,
				3F06B8F41E6A7017003EACB3 /* Release */,
			);
			defaultConfigurationIsVisible = 0;
			defaultConfigurationName = Release;
		};
/* End XCConfigurationList section */
	};
	rootObject = 3F06B8D31E6A7017003EACB3 /* Project object */;
}
